
Microsoft Visual Studio Solution File, Format Version 12.00
# Visual Studio 2013
VisualStudioVersion = 12.0.21005.1
MinimumVisualStudioVersion = 10.0.40219.1
Project("{FAE04EC0-301F-11D3-BF4B-00C04F79EFBC}") = "Agent", "Let21\Agent.csproj", "{C2371A66-8AE5-41EB-90D5-3487E69C2740}"
EndProject
Project("{FAE04EC0-301F-11D3-BF4B-00C04F79EFBC}") = "Agent.Tests", "Let21.Tests\Agent.Tests.csproj", "{D731921B-FF2C-4B91-9152-287941B7CB2E}"
EndProject
Global
	GlobalSection(SolutionConfigurationPlatforms) = preSolution
		Debug|Any CPU = Debug|Any CPU
		Release|Any CPU = Release|Any CPU
	EndGlobalSection
	GlobalSection(ProjectConfigurationPlatforms) = postSolution
		{C2371A66-8AE5-41EB-90D5-3487E69C2740}.Debug|Any CPU.ActiveCfg = Debug|Any CPU
		{C2371A66-8AE5-41EB-90D5-3487E69C2740}.Debug|Any CPU.Build.0 = Debug|Any CPU
		{C2371A66-8AE5-41EB-90D5-3487E69C2740}.Release|Any CPU.ActiveCfg = Release|Any CPU
		{C2371A66-8AE5-41EB-90D5-3487E69C2740}.Release|Any CPU.Build.0 = Release|Any CPU
		{D731921B-FF2C-4B91-9152-287941B7CB2E}.Debug|Any CPU.ActiveCfg = Debug|Any CPU
		{D731921B-FF2C-4B91-9152-287941B7CB2E}.Debug|Any CPU.Build.0 = Debug|Any CPU
		{D731921B-FF2C-4B91-9152-287941B7CB2E}.Release|Any CPU.ActiveCfg = Release|Any CPU
		{D731921B-FF2C-4B91-9152-287941B7CB2E}.Release|Any CPU.Build.0 = Release|Any CPU
	EndGlobalSection
	GlobalSection(SolutionProperties) = preSolution
		HideSolutionNode = FALSE
	EndGlobalSection
EndGlobal
